# THIS IS AN AUTOGENERATED FILE. DO NOT EDIT THIS FILE DIRECTLY.
# yarn lockfile v1


iso639-codes@^1.0.1:
  version "1.0.1"
  resolved "https://registry.yarnpkg.com/iso639-codes/-/iso639-codes-1.0.1.tgz#674a45cdabbfdf3719b8b971b93ca1eedbbb4a1d"
  integrity sha512-jdTSv8yn6D7GODDrRtuWG7y3du3aoa+ki5H8h/Y48/NleNAd7Fw/M2niTTLXGH4QnqhJ98hg1JMQtP9csQ31Lg==

windows-locale@^1.0.1:
  version "1.0.1"
  resolved "https://registry.yarnpkg.com/windows-locale/-/windows-locale-1.0.1.tgz#b965309efddc48bf44912c8e596dd3796387e568"
  integrity sha512-X8B22Cg9njwV4h3C5j28xmZ2eWaO69j63WhReeglB69LOT3LoqSO4Vb6TTVSfFikh4KQ9qBOJb6+WvR4tVLTfQ==
